
Microsoft Visual Studio Solution File, Format Version 12.00
# Visual Studio Version 17
VisualStudioVersion = 17.3.32929.385
MinimumVisualStudioVersion = 10.0.40219.1
Project("{FAE04EC0-301F-11D3-BF4B-00C04F79EFBC}") = "شيفرة قيصر", "شيفرة قيصر\شيفرة قيصر.csproj", "{42039194-F72E-4739-9E76-1BE43EF4CD40}"
EndProject
Global
	GlobalSection(SolutionConfigurationPlatforms) = preSolution
		Debug|Any CPU = Debug|Any CPU
		Release|Any CPU = Release|Any CPU
	EndGlobalSection
	GlobalSection(ProjectConfigurationPlatforms) = postSolution
		{42039194-F72E-4739-9E76-1BE43EF4CD40}.Debug|Any CPU.ActiveCfg = Debug|Any CPU
		{42039194-F72E-4739-9E76-1BE43EF4CD40}.Debug|Any CPU.Build.0 = Debug|Any CPU
		{42039194-F72E-4739-9E76-1BE43EF4CD40}.Release|Any CPU.ActiveCfg = Release|Any CPU
		{42039194-F72E-4739-9E76-1BE43EF4CD40}.Release|Any CPU.Build.0 = Release|Any CPU
	EndGlobalSection
	GlobalSection(SolutionProperties) = preSolution
		HideSolutionNode = FALSE
	EndGlobalSection
	GlobalSection(ExtensibilityGlobals) = postSolution
		SolutionGuid = {84EFC103-F4DA-4290-BFC3-3E502EF06E8E}
	EndGlobalSection
EndGlobal
